
Microsoft Visual Studio Solution File, Format Version 12.00
# Visual Studio 15
VisualStudioVersion = 15.0.27428.2037
MinimumVisualStudioVersion = 10.0.40219.1
Project("{FAE04EC0-301F-11D3-BF4B-00C04F79EFBC}") = "BandStore", "BandStore\BandStore.csproj", "{AD543BF6-D0DE-4C2E-8684-7CDCBB45FA75}"
EndProject
Project("{FAE04EC0-301F-11D3-BF4B-00C04F79EFBC}") = "BandStore.Tests", "BandStore.Tests\BandStore.Tests.csproj", "{DD2BEDA0-7228-426B-BAAE-AC8DA8088D64}"
EndProject
Global
	GlobalSection(SolutionConfigurationPlatforms) = preSolution
		Debug|Any CPU = Debug|Any CPU
		Release|Any CPU = Release|Any CPU
	EndGlobalSection
	GlobalSection(ProjectConfigurationPlatforms) = postSolution
		{AD543BF6-D0DE-4C2E-8684-7CDCBB45FA75}.Debug|Any CPU.ActiveCfg = Debug|Any CPU
		{AD543BF6-D0DE-4C2E-8684-7CDCBB45FA75}.Debug|Any CPU.Build.0 = Debug|Any CPU
		{AD543BF6-D0DE-4C2E-8684-7CDCBB45FA75}.Release|Any CPU.ActiveCfg = Release|Any CPU
		{AD543BF6-D0DE-4C2E-8684-7CDCBB45FA75}.Release|Any CPU.Build.0 = Release|Any CPU
		{DD2BEDA0-7228-426B-BAAE-AC8DA8088D64}.Debug|Any CPU.ActiveCfg = Debug|Any CPU
		{DD2BEDA0-7228-426B-BAAE-AC8DA8088D64}.Debug|Any CPU.Build.0 = Debug|Any CPU
		{DD2BEDA0-7228-426B-BAAE-AC8DA8088D64}.Release|Any CPU.ActiveCfg = Release|Any CPU
		{DD2BEDA0-7228-426B-BAAE-AC8DA8088D64}.Release|Any CPU.Build.0 = Release|Any CPU
	EndGlobalSection
	GlobalSection(SolutionProperties) = preSolution
		HideSolutionNode = FALSE
	EndGlobalSection
	GlobalSection(ExtensibilityGlobals) = postSolution
		SolutionGuid = {2E537BE7-D4AF-431B-B2A6-A3E5975C027F}
	EndGlobalSection
EndGlobal
